Microsoft Visual Studio Solution File, Format Version 12.00
# Visual Studio Version 17
VisualStudioVersion = 17.5.2.0
MinimumVisualStudioVersion = 10.0.40219.1
Project("{2150E333-8FDC-42A3-9474-1A3956D46DE8}") = "projects", "projects", "{17245595-230B-9055-A944-863F0DDDA8E8}"
EndProject
Project("{2150E333-8FDC-42A3-9474-1A3956D46DE8}") = "7_9XjgUP", "7_9XjgUP", "{EC48977F-B154-ED1F-598D-3C26DB187870}"
EndProject
Project("{FAE04EC0-301F-11D3-BF4B-00C04F79EFBC}") = "app", "projects\7_9XjgUP\app\app.csproj", "{E98E3940-03CB-89C0-98EB-8DFCD735F676}"
EndProject
Global
	GlobalSection(SolutionConfigurationPlatforms) = preSolution
		Debug|Any CPU = Debug|Any CPU
		Release|Any CPU = Release|Any CPU
	EndGlobalSection
	GlobalSection(ProjectConfigurationPlatforms) = postSolution
		{E98E3940-03CB-89C0-98EB-8DFCD735F676}.Debug|Any CPU.ActiveCfg = Debug|Any CPU
		{E98E3940-03CB-89C0-98EB-8DFCD735F676}.Debug|Any CPU.Build.0 = Debug|Any CPU
		{E98E3940-03CB-89C0-98EB-8DFCD735F676}.Release|Any CPU.ActiveCfg = Release|Any CPU
		{E98E3940-03CB-89C0-98EB-8DFCD735F676}.Release|Any CPU.Build.0 = Release|Any CPU
	EndGlobalSection
	GlobalSection(SolutionProperties) = preSolution
		HideSolutionNode = FALSE
	EndGlobalSection
	GlobalSection(NestedProjects) = preSolution
		{EC48977F-B154-ED1F-598D-3C26DB187870} = {17245595-230B-9055-A944-863F0DDDA8E8}
		{E98E3940-03CB-89C0-98EB-8DFCD735F676} = {EC48977F-B154-ED1F-598D-3C26DB187870}
	EndGlobalSection
	GlobalSection(ExtensibilityGlobals) = postSolution
		SolutionGuid = {DC2D58BF-F614-4604-B4D9-65B9F1748A7F}
	EndGlobalSection
EndGlobal
